<?xml version="1.0"?>
<!DOCTYPE CodeBlocks_project_file>
<CodeBlocks_project_file>
	<FileVersion major="1" minor="1"/>
	<Project>
		<Option title="sq"/>
		<Option makefile="Makefile"/>
		<Option makefile_is_custom="0"/>
		<Option compiler="0"/>
		<Build>
			<Target title="Release">
				<Option output="..\bin\sq.exe"/>
				<Option working_dir="."/>
				<Option object_output="Release"/>
				<Option deps_output=".deps"/>
				<Option external_deps="..\lib\libsquirrel.a;..\lib\libsqstdlib.a;"/>
				<Option type="1"/>
				<Option compiler="0"/>
				<Option projectResourceIncludeDirsRelation="1"/>
				<Compiler>
					<Add option="-DWIN32"/>
					<Add option="-DNDEBUG"/>
					<Add option="-D_CONSOLE"/>
					<Add option="-D_CRT_SECURE_NO_DEPRECATE"/>
					<Add option="-W"/>
					<Add option="-O2"/>
					<Add directory="..\include"/>
					<Add directory="..\sqstdlib"/>
				</Compiler>
				<Linker>
					<Add library="..\lib\libsquirrel.a"/>
					<Add library="..\lib\libsqstdlib.a"/>
					<Add directory="..\lib"/>
				</Linker>
			</Target>
			<Target title="Debug">
				<Option output="..\bin\sqD.exe"/>
				<Option working_dir="."/>
				<Option object_output="Debug"/>
				<Option deps_output=".deps"/>
				<Option external_deps="..\lib\libsquirrelD.a;..\lib\libsqstdlibD.a;"/>
				<Option type="1"/>
				<Option compiler="0"/>
				<Option projectResourceIncludeDirsRelation="1"/>
				<Compiler>
					<Add option="-DWIN32"/>
					<Add option="-D_DEBUG"/>
					<Add option="-D_CONSOLE"/>
					<Add option="-D_CRT_SECURE_NO_DEPRECATE"/>
					<Add option="-W"/>
					<Add option="-O0"/>
					<Add directory="..\include"/>
					<Add directory="..\sqstdlib"/>
				</Compiler>
				<Linker>
					<Add library="..\lib\libsquirrelD.a"/>
					<Add library="..\lib\libsqstdlibD.a"/>
					<Add directory="..\lib"/>
				</Linker>
			</Target>
			<Target title="Debug - Unicode">
				<Option output="..\bin\sqDU.exe"/>
				<Option working_dir="."/>
				<Option object_output="Debug - Unicode"/>
				<Option deps_output=".deps"/>
				<Option external_deps="..\lib\libsquirrelDU.a;..\lib\libsqstdlibDU.a;"/>
				<Option type="1"/>
				<Option compiler="0"/>
				<Option projectResourceIncludeDirsRelation="1"/>
				<Compiler>
					<Add option="-DWIN32"/>
					<Add option="-D_DEBUG"/>
					<Add option="-D_CONSOLE"/>
					<Add option="-D_CRT_SECURE_NO_DEPRECATE"/>
					<Add option="-W"/>
					<Add option="-O0"/>
					<Add directory="..\include"/>
					<Add directory="..\sqstdlib"/>
				</Compiler>
				<Linker>
					<Add library="..\lib\libsquirrelDU.a"/>
					<Add library="..\lib\libsqstdlibDU.a"/>
					<Add directory="..\lib"/>
				</Linker>
			</Target>
			<Target title="Release - Unicode">
				<Option output="..\bin\sqU.exe"/>
				<Option working_dir="."/>
				<Option object_output="Release - Unicode"/>
				<Option deps_output=".deps"/>
				<Option external_deps="..\lib\libsquirrelU.a;..\lib\libsqstdlibU.a;"/>
				<Option type="1"/>
				<Option compiler="0"/>
				<Option projectResourceIncludeDirsRelation="1"/>
				<Compiler>
					<Add option="-DWIN32"/>
					<Add option="-DNDEBUG"/>
					<Add option="-D_CONSOLE"/>
					<Add option="-D_CRT_SECURE_NO_DEPRECATE"/>
					<Add option="-W"/>
					<Add option="-O2"/>
					<Add directory="..\include"/>
					<Add directory="..\sqstdlib"/>
				</Compiler>
				<Linker>
					<Add library="..\lib\libsquirrelU.a"/>
					<Add library="..\lib\libsqstdlibU.a"/>
					<Add directory="..\lib"/>
				</Linker>
			</Target>
		</Build>
		<Unit filename="..\etc\test.nut">
			<Option compilerVar=""/>
			<Option compile="0"/>
			<Option link="0"/>
			<Option target="Release"/>
			<Option target="Debug"/>
			<Option target="Debug - Unicode"/>
			<Option target="Release - Unicode"/>
		</Unit>
		<Unit filename="sq.c">
			<Option compilerVar="CC"/>
			<Option target="Release"/>
			<Option target="Debug"/>
			<Option target="Debug - Unicode"/>
			<Option target="Release - Unicode"/>
		</Unit>
	</Project>
</CodeBlocks_project_file>
